// !$*UTF8*$!
{
	archiveVersion = 1;
	classes = {
	};
	objectVersion = 56;
	objects = {

/* Begin PBXBuildFile section */
		61CF4110A121AEECA2DB80E8 /* Pods_GeoGuessrGames.framework in Frameworks */ = {isa = PBXBuildFile; fileRef = 934B3B20CFA8A43B6B2D4098 /* Pods_GeoGuessrGames.framework */; };
		6D348192295069D800C24ED7 /* GoogleMobileAds in Frameworks */ = {isa = PBXBuildFile; productRef = 6D348191295069D800C24ED7 /* GoogleMobileAds */; };
		6D5CD86D295062C80013A713 /* StarRating.swift in Sources */ = {isa = PBXBuildFile; fileRef = 6D5CD86C295062C80013A713 /* StarRating.swift */; };
		6D5CD86F295062EC0013A713 /* RezultViewController.swift in Sources */ = {isa = PBXBuildFile; fileRef = 6D5CD86E295062EC0013A713 /* RezultViewController.swift */; };
		6DBA6F38294C7B8200A537C4 /* AppDelegate.swift in Sources */ = {isa = PBXBuildFile; fileRef = 6DBA6F37294C7B8200A537C4 /* AppDelegate.swift */; };
		6DBA6F3A294C7B8200A537C4 /* SceneDelegate.swift in Sources */ = {isa = PBXBuildFile; fileRef = 6DBA6F39294C7B8200A537C4 /* SceneDelegate.swift */; };
		6DBA6F3C294C7B8200A537C4 /* CoursesController.swift in Sources */ = {isa = PBXBuildFile; fileRef = 6DBA6F3B294C7B8200A537C4 /* CoursesController.swift */; };
		6DBA6F3F294C7B8200A537C4 /* Main.storyboard in Resources */ = {isa = PBXBuildFile; fileRef = 6DBA6F3D294C7B8200A537C4 /* Main.storyboard */; };
		6DBA6F41294C7B8600A537C4 /* Assets.xcassets in Resources */ = {isa = PBXBuildFile; fileRef = 6DBA6F40294C7B8600A537C4 /* Assets.xcassets */; };
		6DBA6F44294C7B8600A537C4 /* LaunchScreen.storyboard in Resources */ = {isa = PBXBuildFile; fileRef = 6DBA6F42294C7B8600A537C4 /* LaunchScreen.storyboard */; };
		6DBA6F50294C7BD200A537C4 /* Service.swift in Sources */ = {isa = PBXBuildFile; fileRef = 6DBA6F4F294C7BD200A537C4 /* Service.swift */; };
		6DBA6F52294C7C0B00A537C4 /* Course.swift in Sources */ = {isa = PBXBuildFile; fileRef = 6DBA6F51294C7C0B00A537C4 /* Course.swift */; };
		6DBA6F54294C7C2E00A537C4 /* CourseViewModel.swift in Sources */ = {isa = PBXBuildFile; fileRef = 6DBA6F53294C7C2E00A537C4 /* CourseViewModel.swift */; };
		6DBA6F56294C7CC300A537C4 /* CourseCell.swift in Sources */ = {isa = PBXBuildFile; fileRef = 6DBA6F55294C7CC300A537C4 /* CourseCell.swift */; };
		6DBA6F58294C7D6B00A537C4 /* MapsViewController.swift in Sources */ = {isa = PBXBuildFile; fileRef = 6DBA6F57294C7D6B00A537C4 /* MapsViewController.swift */; };
		6DF464D82954969F00062E44 /* Localizable.strings in Resources */ = {isa = PBXBuildFile; fileRef = 6DF464DA2954969F00062E44 /* Localizable.strings */; };
/* End PBXBuildFile section */

/* Begin PBXFileReference section */
		62B3308445E67D960A16C589 /* Pods-GeoGuessrGames.debug.xcconfig */ = {isa = PBXFileReference; includeInIndex = 1; lastKnownFileType = text.xcconfig; name = "Pods-GeoGuessrGames.debug.xcconfig"; path = "Target Support Files/Pods-GeoGuessrGames/Pods-GeoGuessrGames.debug.xcconfig"; sourceTree = "<group>"; };
		6D5CD86C295062C80013A713 /* StarRating.swift */ = {isa = PBXFileReference; lastKnownFileType = sourcecode.swift; path = StarRating.swift; sourceTree = "<group>"; };
		6D5CD86E295062EC0013A713 /* RezultViewController.swift */ = {isa = PBXFileReference; lastKnownFileType = sourcecode.swift; path = RezultViewController.swift; sourceTree = "<group>"; };
		6DBA6F34294C7B8200A537C4 /* GeoGuessrGames.app */ = {isa = PBXFileReference; explicitFileType = wrapper.application; includeInIndex = 0; path = GeoGuessrGames.app; sourceTree = BUILT_PRODUCTS_DIR; };
		6DBA6F37294C7B8200A537C4 /* AppDelegate.swift */ = {isa = PBXFileReference; lastKnownFileType = sourcecode.swift; path = AppDelegate.swift; sourceTree = "<group>"; };
		6DBA6F39294C7B8200A537C4 /* SceneDelegate.swift */ = {isa = PBXFileReference; lastKnownFileType = sourcecode.swift; path = SceneDelegate.swift; sourceTree = "<group>"; };
		6DBA6F3B294C7B8200A537C4 /* CoursesController.swift */ = {isa = PBXFileReference; lastKnownFileType = sourcecode.swift; path = CoursesController.swift; sourceTree = "<group>"; };
		6DBA6F3E294C7B8200A537C4 /* Base */ = {isa = PBXFileReference; lastKnownFileType = file.storyboard; name = Base; path = Base.lproj/Main.storyboard; sourceTree = "<group>"; };
		6DBA6F40294C7B8600A537C4 /* Assets.xcassets */ = {isa = PBXFileReference; lastKnownFileType = folder.assetcatalog; path = Assets.xcassets; sourceTree = "<group>"; };
		6DBA6F43294C7B8600A537C4 /* Base */ = {isa = PBXFileReference; lastKnownFileType = file.storyboard; name = Base; path = Base.lproj/LaunchScreen.storyboard; sourceTree = "<group>"; };
		6DBA6F45294C7B8600A537C4 /* Info.plist */ = {isa = PBXFileReference; lastKnownFileType = text.plist.xml; path = Info.plist; sourceTree = "<group>"; };
		6DBA6F4F294C7BD200A537C4 /* Service.swift */ = {isa = PBXFileReference; lastKnownFileType = sourcecode.swift; path = Service.swift; sourceTree = "<group>"; };
		6DBA6F51294C7C0B00A537C4 /* Course.swift */ = {isa = PBXFileReference; lastKnownFileType = sourcecode.swift; path = Course.swift; sourceTree = "<group>"; };
		6DBA6F53294C7C2E00A537C4 /* CourseViewModel.swift */ = {isa = PBXFileReference; lastKnownFileType = sourcecode.swift; path = CourseViewModel.swift; sourceTree = "<group>"; };
		6DBA6F55294C7CC300A537C4 /* CourseCell.swift */ = {isa = PBXFileReference; lastKnownFileType = sourcecode.swift; path = CourseCell.swift; sourceTree = "<group>"; };
		6DBA6F57294C7D6B00A537C4 /* MapsViewController.swift */ = {isa = PBXFileReference; lastKnownFileType = sourcecode.swift; path = MapsViewController.swift; sourceTree = "<group>"; };
		6DEC20E42955B116000602DD /* zh-Hans */ = {isa = PBXFileReference; lastKnownFileType = text.plist.strings; name = "zh-Hans"; path = "zh-Hans.lproj/Main.strings"; sourceTree = "<group>"; };
		6DEC20E52955B117000602DD /* zh-Hans */ = {isa = PBXFileReference; lastKnownFileType = text.plist.strings; name = "zh-Hans"; path = "zh-Hans.lproj/LaunchScreen.strings"; sourceTree = "<group>"; };
		6DEC20E62955B117000602DD /* zh-Hans */ = {isa = PBXFileReference; lastKnownFileType = text.plist.strings; name = "zh-Hans"; path = "zh-Hans.lproj/Localizable.strings"; sourceTree = "<group>"; };
		6DEC20E72955B26E000602DD /* es */ = {isa = PBXFileReference; lastKnownFileType = text.plist.strings; name = es; path = es.lproj/Main.strings; sourceTree = "<group>"; };
		6DEC20E82955B26E000602DD /* es */ = {isa = PBXFileReference; lastKnownFileType = text.plist.strings; name = es; path = es.lproj/LaunchScreen.strings; sourceTree = "<group>"; };
		6DEC20E92955B26F000602DD /* es */ = {isa = PBXFileReference; lastKnownFileType = text.plist.strings; name = es; path = es.lproj/Localizable.strings; sourceTree = "<group>"; };
		6DEC20EA2955B414000602DD /* hi */ = {isa = PBXFileReference; lastKnownFileType = text.plist.strings; name = hi; path = hi.lproj/Main.strings; sourceTree = "<group>"; };
		6DEC20EB2955B415000602DD /* hi */ = {isa = PBXFileReference; lastKnownFileType = text.plist.strings; name = hi; path = hi.lproj/LaunchScreen.strings; sourceTree = "<group>"; };
		6DEC20EC2955B415000602DD /* hi */ = {isa = PBXFileReference; lastKnownFileType = text.plist.strings; name = hi; path = hi.lproj/Localizable.strings; sourceTree = "<group>"; };
		6DEC20ED2955B65E000602DD /* pt-PT */ = {isa = PBXFileReference; lastKnownFileType = text.plist.strings; name = "pt-PT"; path = "pt-PT.lproj/Main.strings"; sourceTree = "<group>"; };
		6DEC20EE2955B65E000602DD /* pt-PT */ = {isa = PBXFileReference; lastKnownFileType = text.plist.strings; name = "pt-PT"; path = "pt-PT.lproj/LaunchScreen.strings"; sourceTree = "<group>"; };
		6DEC20EF2955B65E000602DD /* pt-PT */ = {isa = PBXFileReference; lastKnownFileType = text.plist.strings; name = "pt-PT"; path = "pt-PT.lproj/Localizable.strings"; sourceTree = "<group>"; };
		6DF464D92954969F00062E44 /* en */ = {isa = PBXFileReference; lastKnownFileType = text.plist.strings; name = en; path = en.lproj/Localizable.strings; sourceTree = "<group>"; };
		6DF464DB2954A97000062E44 /* ru */ = {isa = PBXFileReference; lastKnownFileType = text.plist.strings; name = ru; path = ru.lproj/Main.strings; sourceTree = "<group>"; };
		6DF464DC2954A97100062E44 /* ru */ = {isa = PBXFileReference; lastKnownFileType = text.plist.strings; name = ru; path = ru.lproj/LaunchScreen.strings; sourceTree = "<group>"; };
		6DF464DD2954A97100062E44 /* ru */ = {isa = PBXFileReference; lastKnownFileType = text.plist.strings; name = ru; path = ru.lproj/Localizable.strings; sourceTree = "<group>"; };
		7F58BC1E59BFC0ED52223972 /* Pods-GeoGuessrGames.release.xcconfig */ = {isa = PBXFileReference; includeInIndex = 1; lastKnownFileType = text.xcconfig; name = "Pods-GeoGuessrGames.release.xcconfig"; path = "Target Support Files/Pods-GeoGuessrGames/Pods-GeoGuessrGames.release.xcconfig"; sourceTree = "<group>"; };
		934B3B20CFA8A43B6B2D4098 /* Pods_GeoGuessrGames.framework */ = {isa = PBXFileReference; explicitFileType = wrapper.framework; includeInIndex = 0; path = Pods_GeoGuessrGames.framework; sourceTree = BUILT_PRODUCTS_DIR; };
/* End PBXFileReference section */

/* Begin PBXFrameworksBuildPhase section */
		6DBA6F31294C7B8200A537C4 /* Frameworks */ = {
			isa = PBXFrameworksBuildPhase;
			buildActionMask = 2147483647;
			files = (
				6D348192295069D800C24ED7 /* GoogleMobileAds in Frameworks */,
				61CF4110A121AEECA2DB80E8 /* Pods_GeoGuessrGames.framework in Frameworks */,
			);
			runOnlyForDeploymentPostprocessing = 0;
		};
/* End PBXFrameworksBuildPhase section */

/* Begin PBXGroup section */
		6D5CD86B295062910013A713 /* RezultView */ = {
			isa = PBXGroup;
			children = (
				6D5CD86C295062C80013A713 /* StarRating.swift */,
				6D5CD86E295062EC0013A713 /* RezultViewController.swift */,
			);
			path = RezultView;
			sourceTree = "<group>";
		};
		6DBA6F2B294C7B8200A537C4 = {
			isa = PBXGroup;
			children = (
				6DBA6F36294C7B8200A537C4 /* GeoGuessrGames */,
				6DBA6F35294C7B8200A537C4 /* Products */,
				A26AE567D7E863AAD7CE84BD /* Pods */,
				D6775B622C4C3D588997FDEA /* Frameworks */,
			);
			sourceTree = "<group>";
		};
		6DBA6F35294C7B8200A537C4 /* Products */ = {
			isa = PBXGroup;
			children = (
				6DBA6F34294C7B8200A537C4 /* GeoGuessrGames.app */,
			);
			name = Products;
			sourceTree = "<group>";
		};
		6DBA6F36294C7B8200A537C4 /* GeoGuessrGames */ = {
			isa = PBXGroup;
			children = (
				6D5CD86B295062910013A713 /* RezultView */,
				6DBA6F59294C7D9100A537C4 /* MapsView */,
				6DBA6F4E294C7BA700A537C4 /* View */,
				6DBA6F4D294C7B9E00A537C4 /* Service */,
				6DBA6F4C294C7B9700A537C4 /* ViewModel */,
				6DBA6F4B294C7B9200A537C4 /* Model */,
				6DBA6F37294C7B8200A537C4 /* AppDelegate.swift */,
				6DBA6F39294C7B8200A537C4 /* SceneDelegate.swift */,
				6DBA6F3D294C7B8200A537C4 /* Main.storyboard */,
				6DBA6F40294C7B8600A537C4 /* Assets.xcassets */,
				6DBA6F42294C7B8600A537C4 /* LaunchScreen.storyboard */,
				6DBA6F45294C7B8600A537C4 /* Info.plist */,
				6DF464DA2954969F00062E44 /* Localizable.strings */,
			);
			path = GeoGuessrGames;
			sourceTree = "<group>";
		};
		6DBA6F4B294C7B9200A537C4 /* Model */ = {
			isa = PBXGroup;
			children = (
				6DBA6F51294C7C0B00A537C4 /* Course.swift */,
			);
			path = Model;
			sourceTree = "<group>";
		};
		6DBA6F4C294C7B9700A537C4 /* ViewModel */ = {
			isa = PBXGroup;
			children = (
				6DBA6F53294C7C2E00A537C4 /* CourseViewModel.swift */,
			);
			path = ViewModel;
			sourceTree = "<group>";
		};
		6DBA6F4D294C7B9E00A537C4 /* Service */ = {
			isa = PBXGroup;
			children = (
				6DBA6F4F294C7BD200A537C4 /* Service.swift */,
			);
			path = Service;
			sourceTree = "<group>";
		};
		6DBA6F4E294C7BA700A537C4 /* View */ = {
			isa = PBXGroup;
			children = (
				6DBA6F3B294C7B8200A537C4 /* CoursesController.swift */,
				6DBA6F55294C7CC300A537C4 /* CourseCell.swift */,
			);
			path = View;
			sourceTree = "<group>";
		};
		6DBA6F59294C7D9100A537C4 /* MapsView */ = {
			isa = PBXGroup;
			children = (
				6DBA6F57294C7D6B00A537C4 /* MapsViewController.swift */,
			);
			path = MapsView;
			sourceTree = "<group>";
		};
		A26AE567D7E863AAD7CE84BD /* Pods */ = {
			isa = PBXGroup;
			children = (
				62B3308445E67D960A16C589 /* Pods-GeoGuessrGames.debug.xcconfig */,
				7F58BC1E59BFC0ED52223972 /* Pods-GeoGuessrGames.release.xcconfig */,
			);
			path = Pods;
			sourceTree = "<group>";
		};
		D6775B622C4C3D588997FDEA /* Frameworks */ = {
			isa = PBXGroup;
			children = (
				934B3B20CFA8A43B6B2D4098 /* Pods_GeoGuessrGames.framework */,
			);
			name = Frameworks;
			sourceTree = "<group>";
		};
/* End PBXGroup section */

/* Begin PBXNativeTarget section */
		6DBA6F33294C7B8200A537C4 /* GeoGuessrGames */ = {
			isa = PBXNativeTarget;
			buildConfigurationList = 6DBA6F48294C7B8600A537C4 /* Build configuration list for PBXNativeTarget "GeoGuessrGames" */;
			buildPhases = (
				FF6517BF80D7BCEE470C616D /* [CP] Check Pods Manifest.lock */,
				6DBA6F30294C7B8200A537C4 /* Sources */,
				6DBA6F31294C7B8200A537C4 /* Frameworks */,
				6DBA6F32294C7B8200A537C4 /* Resources */,
				BC09ED882A1515E53D55481E /* [CP] Copy Pods Resources */,
				D84E6EC5753DF53140306CD5 /* [CP] Embed Pods Frameworks */,
			);
			buildRules = (
			);
			dependencies = (
			);
			name = GeoGuessrGames;
			packageProductDependencies = (
				6D348191295069D800C24ED7 /* GoogleMobileAds */,
			);
			productName = GeoGuessrGames;
			productReference = 6DBA6F34294C7B8200A537C4 /* GeoGuessrGames.app */;
			productType = "com.apple.product-type.application";
		};
/* End PBXNativeTarget section */

/* Begin PBXProject section */
		6DBA6F2C294C7B8200A537C4 /* Project object */ = {
			isa = PBXProject;
			attributes = {
				BuildIndependentTargetsInParallel = 1;
				LastSwiftUpdateCheck = 1420;
				LastUpgradeCheck = 1420;
				TargetAttributes = {
					6DBA6F33294C7B8200A537C4 = {
						CreatedOnToolsVersion = 14.2;
					};
				};
			};
			buildConfigurationList = 6DBA6F2F294C7B8200A537C4 /* Build configuration list for PBXProject "GeoGuessrGames" */;
			compatibilityVersion = "Xcode 14.0";
			developmentRegion = en;
			hasScannedForEncodings = 0;
			knownRegions = (
				en,
				Base,
				ru,
				"zh-Hans",
				es,
				hi,
				"pt-PT",
			);
			mainGroup = 6DBA6F2B294C7B8200A537C4;
			packageReferences = (
				6D348190295069D800C24ED7 /* XCRemoteSwiftPackageReference "swift-package-manager-google-mobile-ads" */,
			);
			productRefGroup = 6DBA6F35294C7B8200A537C4 /* Products */;
			projectDirPath = "";
			projectRoot = "";
			targets = (
				6DBA6F33294C7B8200A537C4 /* GeoGuessrGames */,
			);
		};
/* End PBXProject section */

/* Begin PBXResourcesBuildPhase section */
		6DBA6F32294C7B8200A537C4 /* Resources */ = {
			isa = PBXResourcesBuildPhase;
			buildActionMask = 2147483647;
			files = (
				6DBA6F44294C7B8600A537C4 /* LaunchScreen.storyboard in Resources */,
				6DF464D82954969F00062E44 /* Localizable.strings in Resources */,
				6DBA6F41294C7B8600A537C4 /* Assets.xcassets in Resources */,
				6DBA6F3F294C7B8200A537C4 /* Main.storyboard in Resources */,
			);
			runOnlyForDeploymentPostprocessing = 0;
		};
/* End PBXResourcesBuildPhase section */

/* Begin PBXShellScriptBuildPhase section */
		BC09ED882A1515E53D55481E /* [CP] Copy Pods Resources */ = {
			isa = PBXShellScriptBuildPhase;
			buildActionMask = 2147483647;
			files = (
			);
			inputFileListPaths = (
				"${PODS_ROOT}/Target Support Files/Pods-GeoGuessrGames/Pods-GeoGuessrGames-resources-${CONFIGURATION}-input-files.xcfilelist",
			);
			name = "[CP] Copy Pods Resources";
			outputFileListPaths = (
				"${PODS_ROOT}/Target Support Files/Pods-GeoGuessrGames/Pods-GeoGuessrGames-resources-${CONFIGURATION}-output-files.xcfilelist",
			);
			runOnlyForDeploymentPostprocessing = 0;
			shellPath = /bin/sh;
			shellScript = "\"${PODS_ROOT}/Target Support Files/Pods-GeoGuessrGames/Pods-GeoGuessrGames-resources.sh\"\n";
			showEnvVarsInLog = 0;
		};
		D84E6EC5753DF53140306CD5 /* [CP] Embed Pods Frameworks */ = {
			isa = PBXShellScriptBuildPhase;
			buildActionMask = 2147483647;
			files = (
			);
			inputFileListPaths = (
				"${PODS_ROOT}/Target Support Files/Pods-GeoGuessrGames/Pods-GeoGuessrGames-frameworks-${CONFIGURATION}-input-files.xcfilelist",
			);
			name = "[CP] Embed Pods Frameworks";
			outputFileListPaths = (
				"${PODS_ROOT}/Target Support Files/Pods-GeoGuessrGames/Pods-GeoGuessrGames-frameworks-${CONFIGURATION}-output-files.xcfilelist",
			);
			runOnlyForDeploymentPostprocessing = 0;
			shellPath = /bin/sh;
			shellScript = "\"${PODS_ROOT}/Target Support Files/Pods-GeoGuessrGames/Pods-GeoGuessrGames-frameworks.sh\"\n";
			showEnvVarsInLog = 0;
		};
		FF6517BF80D7BCEE470C616D /* [CP] Check Pods Manifest.lock */ = {
			isa = PBXShellScriptBuildPhase;
			buildActionMask = 2147483647;
			files = (
			);
			inputFileListPaths = (
			);
			inputPaths = (
				"${PODS_PODFILE_DIR_PATH}/Podfile.lock",
				"${PODS_ROOT}/Manifest.lock",
			);
			name = "[CP] Check Pods Manifest.lock";
			outputFileListPaths = (
			);
			outputPaths = (
				"$(DERIVED_FILE_DIR)/Pods-GeoGuessrGames-checkManifestLockResult.txt",
			);
			runOnlyForDeploymentPostprocessing = 0;
			shellPath = /bin/sh;
			shellScript = "diff \"${PODS_PODFILE_DIR_PATH}/Podfile.lock\" \"${PODS_ROOT}/Manifest.lock\" > /dev/null\nif [ $? != 0 ] ; then\n    # print error to STDERR\n    echo \"error: The sandbox is not in sync with the Podfile.lock. Run 'pod install' or update your CocoaPods installation.\" >&2\n    exit 1\nfi\n# This output is used by Xcode 'outputs' to avoid re-running this script phase.\necho \"SUCCESS\" > \"${SCRIPT_OUTPUT_FILE_0}\"\n";
			showEnvVarsInLog = 0;
		};
/* End PBXShellScriptBuildPhase section */

/* Begin PBXSourcesBuildPhase section */
		6DBA6F30294C7B8200A537C4 /* Sources */ = {
			isa = PBXSourcesBuildPhase;
			buildActionMask = 2147483647;
			files = (
				6DBA6F3C294C7B8200A537C4 /* CoursesController.swift in Sources */,
				6DBA6F50294C7BD200A537C4 /* Service.swift in Sources */,
				6DBA6F52294C7C0B00A537C4 /* Course.swift in Sources */,
				6DBA6F58294C7D6B00A537C4 /* MapsViewController.swift in Sources */,
				6D5CD86D295062C80013A713 /* StarRating.swift in Sources */,
				6D5CD86F295062EC0013A713 /* RezultViewController.swift in Sources */,
				6DBA6F56294C7CC300A537C4 /* CourseCell.swift in Sources */,
				6DBA6F54294C7C2E00A537C4 /* CourseViewModel.swift in Sources */,
				6DBA6F38294C7B8200A537C4 /* AppDelegate.swift in Sources */,
				6DBA6F3A294C7B8200A537C4 /* SceneDelegate.swift in Sources */,
			);
			runOnlyForDeploymentPostprocessing = 0;
		};
/* End PBXSourcesBuildPhase section */

/* Begin PBXVariantGroup section */
		6DBA6F3D294C7B8200A537C4 /* Main.storyboard */ = {
			isa = PBXVariantGroup;
			children = (
				6DBA6F3E294C7B8200A537C4 /* Base */,
				6DF464DB2954A97000062E44 /* ru */,
				6DEC20E42955B116000602DD /* zh-Hans */,
				6DEC20E72955B26E000602DD /* es */,
				6DEC20EA2955B414000602DD /* hi */,
				6DEC20ED2955B65E000602DD /* pt-PT */,
			);
			name = Main.storyboard;
			sourceTree = "<group>";
		};
		6DBA6F42294C7B8600A537C4 /* LaunchScreen.storyboard */ = {
			isa = PBXVariantGroup;
			children = (
				6DBA6F43294C7B8600A537C4 /* Base */,
				6DF464DC2954A97100062E44 /* ru */,
				6DEC20E52955B117000602DD /* zh-Hans */,
				6DEC20E82955B26E000602DD /* es */,
				6DEC20EB2955B415000602DD /* hi */,
				6DEC20EE2955B65E000602DD /* pt-PT */,
			);
			name = LaunchScreen.storyboard;
			sourceTree = "<group>";
		};
		6DF464DA2954969F00062E44 /* Localizable.strings */ = {
			isa = PBXVariantGroup;
			children = (
				6DF464D92954969F00062E44 /* en */,
				6DF464DD2954A97100062E44 /* ru */,
				6DEC20E62955B117000602DD /* zh-Hans */,
				6DEC20E92955B26F000602DD /* es */,
				6DEC20EC2955B415000602DD /* hi */,
				6DEC20EF2955B65E000602DD /* pt-PT */,
			);
			name = Localizable.strings;
			sourceTree = "<group>";
		};
/* End PBXVariantGroup section */

/* Begin XCBuildConfiguration section */
		6DBA6F46294C7B8600A537C4 /* Debug */ = {
			isa = XCBuildConfiguration;
			buildSettings = {
				ALWAYS_SEARCH_USER_PATHS = NO;
				CLANG_ANALYZER_LOCALIZABILITY_NONLOCALIZED = YES;
				CLANG_ANALYZER_NONNULL = YES;
				CLANG_ANALYZER_NUMBER_OBJECT_CONVERSION = YES_AGGRESSIVE;
				CLANG_CXX_LANGUAGE_STANDARD = "gnu++20";
				CLANG_ENABLE_MODULES = YES;
				CLANG_ENABLE_OBJC_ARC = YES;
				CLANG_ENABLE_OBJC_WEAK = YES;
				CLANG_WARN_BLOCK_CAPTURE_AUTORELEASING = YES;
				CLANG_WARN_BOOL_CONVERSION = YES;
				CLANG_WARN_COMMA = YES;
				CLANG_WARN_CONSTANT_CONVERSION = YES;
				CLANG_WARN_DEPRECATED_OBJC_IMPLEMENTATIONS = YES;
				CLANG_WARN_DIRECT_OBJC_ISA_USAGE = YES_ERROR;
				CLANG_WARN_DOCUMENTATION_COMMENTS = YES;
				CLANG_WARN_EMPTY_BODY = YES;
				CLANG_WARN_ENUM_CONVERSION = YES;
				CLANG_WARN_INFINITE_RECURSION = YES;
				CLANG_WARN_INT_CONVERSION = YES;
				CLANG_WARN_NON_LITERAL_NULL_CONVERSION = YES;
				CLANG_WARN_OBJC_IMPLICIT_RETAIN_SELF = YES;
				CLANG_WARN_OBJC_LITERAL_CONVERSION = YES;
				CLANG_WARN_OBJC_ROOT_CLASS = YES_ERROR;
				CLANG_WARN_QUOTED_INCLUDE_IN_FRAMEWORK_HEADER = YES;
				CLANG_WARN_RANGE_LOOP_ANALYSIS = YES;
				CLANG_WARN_STRICT_PROTOTYPES = YES;
				CLANG_WARN_SUSPICIOUS_MOVE = YES;
				CLANG_WARN_UNGUARDED_AVAILABILITY = YES_AGGRESSIVE;
				CLANG_WARN_UNREACHABLE_CODE = YES;
				CLANG_WARN__DUPLICATE_METHOD_MATCH = YES;
				COPY_PHASE_STRIP = NO;
				DEBUG_INFORMATION_FORMAT = dwarf;
				ENABLE_STRICT_OBJC_MSGSEND = YES;
				ENABLE_TESTABILITY = YES;
				GCC_C_LANGUAGE_STANDARD = gnu11;
				GCC_DYNAMIC_NO_PIC = NO;
				GCC_NO_COMMON_BLOCKS = YES;
				GCC_OPTIMIZATION_LEVEL = 0;
				GCC_PREPROCESSOR_DEFINITIONS = (
					"DEBUG=1",
					"$(inherited)",
				);
				GCC_WARN_64_TO_32_BIT_CONVERSION = YES;
				GCC_WARN_ABOUT_RETURN_TYPE = YES_ERROR;
				GCC_WARN_UNDECLARED_SELECTOR = YES;
				GCC_WARN_UNINITIALIZED_AUTOS = YES_AGGRESSIVE;
				GCC_WARN_UNUSED_FUNCTION = YES;
				GCC_WARN_UNUSED_VARIABLE = YES;
				IPHONEOS_DEPLOYMENT_TARGET = 16.2;
				MTL_ENABLE_DEBUG_INFO = INCLUDE_SOURCE;
				MTL_FAST_MATH = YES;
				ONLY_ACTIVE_ARCH = YES;
				SDKROOT = iphoneos;
				SWIFT_ACTIVE_COMPILATION_CONDITIONS = DEBUG;
				SWIFT_OPTIMIZATION_LEVEL = "-Onone";
			};
			name = Debug;
		};
		6DBA6F47294C7B8600A537C4 /* Release */ = {
			isa = XCBuildConfiguration;
			buildSettings = {
				ALWAYS_SEARCH_USER_PATHS = NO;
				CLANG_ANALYZER_LOCALIZABILITY_NONLOCALIZED = YES;
				CLANG_ANALYZER_NONNULL = YES;
				CLANG_ANALYZER_NUMBER_OBJECT_CONVERSION = YES_AGGRESSIVE;
				CLANG_CXX_LANGUAGE_STANDARD = "gnu++20";
				CLANG_ENABLE_MODULES = YES;
				CLANG_ENABLE_OBJC_ARC = YES;
				CLANG_ENABLE_OBJC_WEAK = YES;
				CLANG_WARN_BLOCK_CAPTURE_AUTORELEASING = YES;
				CLANG_WARN_BOOL_CONVERSION = YES;
				CLANG_WARN_COMMA = YES;
				CLANG_WARN_CONSTANT_CONVERSION = YES;
				CLANG_WARN_DEPRECATED_OBJC_IMPLEMENTATIONS = YES;
				CLANG_WARN_DIRECT_OBJC_ISA_USAGE = YES_ERROR;
				CLANG_WARN_DOCUMENTATION_COMMENTS = YES;
				CLANG_WARN_EMPTY_BODY = YES;
				CLANG_WARN_ENUM_CONVERSION = YES;
				CLANG_WARN_INFINITE_RECURSION = YES;
				CLANG_WARN_INT_CONVERSION = YES;
				CLANG_WARN_NON_LITERAL_NULL_CONVERSION = YES;
				CLANG_WARN_OBJC_IMPLICIT_RETAIN_SELF = YES;
				CLANG_WARN_OBJC_LITERAL_CONVERSION = YES;
				CLANG_WARN_OBJC_ROOT_CLASS = YES_ERROR;
				CLANG_WARN_QUOTED_INCLUDE_IN_FRAMEWORK_HEADER = YES;
				CLANG_WARN_RANGE_LOOP_ANALYSIS = YES;
				CLANG_WARN_STRICT_PROTOTYPES = YES;
				CLANG_WARN_SUSPICIOUS_MOVE = YES;
				CLANG_WARN_UNGUARDED_AVAILABILITY = YES_AGGRESSIVE;
				CLANG_WARN_UNREACHABLE_CODE = YES;
				CLANG_WARN__DUPLICATE_METHOD_MATCH = YES;
				COPY_PHASE_STRIP = NO;
				DEBUG_INFORMATION_FORMAT = "dwarf-with-dsym";
				ENABLE_NS_ASSERTIONS = NO;
				ENABLE_STRICT_OBJC_MSGSEND = YES;
				GCC_C_LANGUAGE_STANDARD = gnu11;
				GCC_NO_COMMON_BLOCKS = YES;
				GCC_WARN_64_TO_32_BIT_CONVERSION = YES;
				GCC_WARN_ABOUT_RETURN_TYPE = YES_ERROR;
				GCC_WARN_UNDECLARED_SELECTOR = YES;
				GCC_WARN_UNINITIALIZED_AUTOS = YES_AGGRESSIVE;
				GCC_WARN_UNUSED_FUNCTION = YES;
				GCC_WARN_UNUSED_VARIABLE = YES;
				IPHONEOS_DEPLOYMENT_TARGET = 16.2;
				MTL_ENABLE_DEBUG_INFO = NO;
				MTL_FAST_MATH = YES;
				SDKROOT = iphoneos;
				SWIFT_COMPILATION_MODE = wholemodule;
				SWIFT_OPTIMIZATION_LEVEL = "-O";
				VALIDATE_PRODUCT = YES;
			};
			name = Release;
		};
		6DBA6F49294C7B8600A537C4 /* Debug */ = {
			isa = XCBuildConfiguration;
			baseConfigurationReference = 62B3308445E67D960A16C589 /* Pods-GeoGuessrGames.debug.xcconfig */;
			buildSettings = {
				ASSETCATALOG_COMPILER_APPICON_NAME = AppIcon;
				ASSETCATALOG_COMPILER_GLOBAL_ACCENT_COLOR_NAME = AccentColor;
				CODE_SIGN_STYLE = Automatic;
				CURRENT_PROJECT_VERSION = 1;
				EXCLUDED_ARCHS = arm64;
				GENERATE_INFOPLIST_FILE = YES;
				INFOPLIST_FILE = GeoGuessrGames/Info.plist;
				INFOPLIST_KEY_UIApplicationSupportsIndirectInputEvents = YES;
				INFOPLIST_KEY_UILaunchStoryboardName = LaunchScreen;
				INFOPLIST_KEY_UIMainStoryboardFile = Main;
				INFOPLIST_KEY_UISupportedInterfaceOrientations = UIInterfaceOrientationPortrait;
				LD_RUNPATH_SEARCH_PATHS = (
					"$(inherited)",
					"@executable_path/Frameworks",
				);
				MARKETING_VERSION = 1.0;
				PRODUCT_BUNDLE_IDENTIFIER = com.goshapp.GeoGuessrGames;
				PRODUCT_NAME = "$(TARGET_NAME)";
				SUPPORTED_PLATFORMS = "iphoneos iphonesimulator";
				SUPPORTS_MACCATALYST = NO;
				SUPPORTS_MAC_DESIGNED_FOR_IPHONE_IPAD = YES;
				SWIFT_EMIT_LOC_STRINGS = YES;
				SWIFT_VERSION = 5.0;
				TARGETED_DEVICE_FAMILY = "1,2";
			};
			name = Debug;
		};
		6DBA6F4A294C7B8600A537C4 /* Release */ = {
			isa = XCBuildConfiguration;
			baseConfigurationReference = 7F58BC1E59BFC0ED52223972 /* Pods-GeoGuessrGames.release.xcconfig */;
			buildSettings = {
				ASSETCATALOG_COMPILER_APPICON_NAME = AppIcon;
				ASSETCATALOG_COMPILER_GLOBAL_ACCENT_COLOR_NAME = AccentColor;
				CODE_SIGN_STYLE = Automatic;
				CURRENT_PROJECT_VERSION = 1;
				EXCLUDED_ARCHS = arm64;
				GENERATE_INFOPLIST_FILE = YES;
				INFOPLIST_FILE = GeoGuessrGames/Info.plist;
				INFOPLIST_KEY_UIApplicationSupportsIndirectInputEvents = YES;
				INFOPLIST_KEY_UILaunchStoryboardName = LaunchScreen;
				INFOPLIST_KEY_UIMainStoryboardFile = Main;
				INFOPLIST_KEY_UISupportedInterfaceOrientations = UIInterfaceOrientationPortrait;
				LD_RUNPATH_SEARCH_PATHS = (
					"$(inherited)",
					"@executable_path/Frameworks",
				);
				MARKETING_VERSION = 1.0;
				ONLY_ACTIVE_ARCH = YES;
				PRODUCT_BUNDLE_IDENTIFIER = com.goshapp.GeoGuessrGames;
				PRODUCT_NAME = "$(TARGET_NAME)";
				SUPPORTED_PLATFORMS = "iphoneos iphonesimulator";
				SUPPORTS_MACCATALYST = NO;
				SUPPORTS_MAC_DESIGNED_FOR_IPHONE_IPAD = YES;
				SWIFT_EMIT_LOC_STRINGS = YES;
				SWIFT_VERSION = 5.0;
				TARGETED_DEVICE_FAMILY = "1,2";
			};
			name = Release;
		};
/* End XCBuildConfiguration section */

/* Begin XCConfigurationList section */
		6DBA6F2F294C7B8200A537C4 /* Build configuration list for PBXProject "GeoGuessrGames" */ = {
			isa = XCConfigurationList;
			buildConfigurations = (
				6DBA6F46294C7B8600A537C4 /* Debug */,
				6DBA6F47294C7B8600A537C4 /* Release */,
			);
			defaultConfigurationIsVisible = 0;
			defaultConfigurationName = Release;
		};
		6DBA6F48294C7B8600A537C4 /* Build configuration list for PBXNativeTarget "GeoGuessrGames" */ = {
			isa = XCConfigurationList;
			buildConfigurations = (
				6DBA6F49294C7B8600A537C4 /* Debug */,
				6DBA6F4A294C7B8600A537C4 /* Release */,
			);
			defaultConfigurationIsVisible = 0;
			defaultConfigurationName = Release;
		};
/* End XCConfigurationList section */

/* Begin XCRemoteSwiftPackageReference section */
		6D348190295069D800C24ED7 /* XCRemoteSwiftPackageReference "swift-package-manager-google-mobile-ads" */ = {
			isa = XCRemoteSwiftPackageReference;
			repositoryURL = "https://github.com/googleads/swift-package-manager-google-mobile-ads.git";
			requirement = {
				kind = upToNextMajorVersion;
				minimumVersion = 9.0.0;
			};
		};
/* End XCRemoteSwiftPackageReference section */

/* Begin XCSwiftPackageProductDependency section */
		6D348191295069D800C24ED7 /* GoogleMobileAds */ = {
			isa = XCSwiftPackageProductDependency;
			package = 6D348190295069D800C24ED7 /* XCRemoteSwiftPackageReference "swift-package-manager-google-mobile-ads" */;
			productName = GoogleMobileAds;
		};
/* End XCSwiftPackageProductDependency section */
	};
	rootObject = 6DBA6F2C294C7B8200A537C4 /* Project object */;
}
